// !$*UTF8*$!
{
	archiveVersion = 1;
	classes = {
	};
	objectVersion = 50;
	objects = {

/* Begin PBXBuildFile section */
		BBB1EB9125AF0AEF00F5EA37 /* templateApp.swift in Sources */ = {isa = PBXBuildFile; fileRef = BBB1EB9025AF0AEF00F5EA37 /* templateApp.swift */; };
		BBB1EB9325AF0AEF00F5EA37 /* ContentView.swift in Sources */ = {isa = PBXBuildFile; fileRef = BBB1EB9225AF0AEF00F5EA37 /* ContentView.swift */; };
		BBB1EB9525AF0AF200F5EA37 /* Assets.xcassets in Resources */ = {isa = PBXBuildFile; fileRef = BBB1EB9425AF0AF200F5EA37 /* Assets.xcassets */; };
		BBB1EB9825AF0AF200F5EA37 /* Preview Assets.xcassets in Resources */ = {isa = PBXBuildFile; fileRef = BBB1EB9725AF0AF200F5EA37 /* Preview Assets.xcassets */; };
		BBB1EBA325AF0AF200F5EA37 /* templateTests.swift in Sources */ = {isa = PBXBuildFile; fileRef = BBB1EBA225AF0AF200F5EA37 /* templateTests.swift */; };
		BBB1EBAE25AF0AF200F5EA37 /* templateUITests.swift in Sources */ = {isa = PBXBuildFile; fileRef = BBB1EBAD25AF0AF200F5EA37 /* templateUITests.swift */; };
/* End PBXBuildFile section */

/* Begin PBXContainerItemProxy section */
		BBB1EB9F25AF0AF200F5EA37 /* PBXContainerItemProxy */ = {
			isa = PBXContainerItemProxy;
			containerPortal = BBB1EB8525AF0AEF00F5EA37 /* Project object */;
			proxyType = 1;
			remoteGlobalIDString = BBB1EB8C25AF0AEF00F5EA37;
			remoteInfo = template;
		};
		BBB1EBAA25AF0AF200F5EA37 /* PBXContainerItemProxy */ = {
			isa = PBXContainerItemProxy;
			containerPortal = BBB1EB8525AF0AEF00F5EA37 /* Project object */;
			proxyType = 1;
			remoteGlobalIDString = BBB1EB8C25AF0AEF00F5EA37;
			remoteInfo = template;
		};
/* End PBXContainerItemProxy section */

/* Begin PBXFileReference section */
		BBB1EB8D25AF0AEF00F5EA37 /* template.app */ = {isa = PBXFileReference; explicitFileType = wrapper.application; includeInIndex = 0; path = template.app; sourceTree = BUILT_PRODUCTS_DIR; };
		BBB1EB9025AF0AEF00F5EA37 /* templateApp.swift */ = {isa = PBXFileReference; lastKnownFileType = sourcecode.swift; path = templateApp.swift; sourceTree = "<group>"; };
		BBB1EB9225AF0AEF00F5EA37 /* ContentView.swift */ = {isa = PBXFileReference; lastKnownFileType = sourcecode.swift; path = ContentView.swift; sourceTree = "<group>"; };
		BBB1EB9425AF0AF200F5EA37 /* Assets.xcassets */ = {isa = PBXFileReference; lastKnownFileType = folder.assetcatalog; path = Assets.xcassets; sourceTree = "<group>"; };
		BBB1EB9725AF0AF200F5EA37 /* Preview Assets.xcassets */ = {isa = PBXFileReference; lastKnownFileType = folder.assetcatalog; path = "Preview Assets.xcassets"; sourceTree = "<group>"; };
		BBB1EB9925AF0AF200F5EA37 /* Info.plist */ = {isa = PBXFileReference; lastKnownFileType = text.plist.xml; path = Info.plist; sourceTree = "<group>"; };
		BBB1EB9E25AF0AF200F5EA37 /* templateTests.xctest */ = {isa = PBXFileReference; explicitFileType = wrapper.cfbundle; includeInIndex = 0; path = templateTests.xctest; sourceTree = BUILT_PRODUCTS_DIR; };
		BBB1EBA225AF0AF200F5EA37 /* templateTests.swift */ = {isa = PBXFileReference; lastKnownFileType = sourcecode.swift; path = templateTests.swift; sourceTree = "<group>"; };
		BBB1EBA425AF0AF200F5EA37 /* Info.plist */ = {isa = PBXFileReference; lastKnownFileType = text.plist.xml; path = Info.plist; sourceTree = "<group>"; };
		BBB1EBA925AF0AF200F5EA37 /* templateUITests.xctest */ = {isa = PBXFileReference; explicitFileType = wrapper.cfbundle; includeInIndex = 0; path = templateUITests.xctest; sourceTree = BUILT_PRODUCTS_DIR; };
		BBB1EBAD25AF0AF200F5EA37 /* templateUITests.swift */ = {isa = PBXFileReference; lastKnownFileType = sourcecode.swift; path = templateUITests.swift; sourceTree = "<group>"; };
		BBB1EBAF25AF0AF200F5EA37 /* Info.plist */ = {isa = PBXFileReference; lastKnownFileType = text.plist.xml; path = Info.plist; sourceTree = "<group>"; };
/* End PBXFileReference section */

/* Begin PBXFrameworksBuildPhase section */
		BBB1EB8A25AF0AEF00F5EA37 /* Frameworks */ = {
			isa = PBXFrameworksBuildPhase;
			buildActionMask = 2147483647;
			files = (
			);
			runOnlyForDeploymentPostprocessing = 0;
		};
		BBB1EB9B25AF0AF200F5EA37 /* Frameworks */ = {
			isa = PBXFrameworksBuildPhase;
			buildActionMask = 2147483647;
			files = (
			);
			runOnlyForDeploymentPostprocessing = 0;
		};
		BBB1EBA625AF0AF200F5EA37 /* Frameworks */ = {
			isa = PBXFrameworksBuildPhase;
			buildActionMask = 2147483647;
			files = (
			);
			runOnlyForDeploymentPostprocessing = 0;
		};
/* End PBXFrameworksBuildPhase section */

/* Begin PBXGroup section */
		BBB1EB8425AF0AEF00F5EA37 = {
			isa = PBXGroup;
			children = (
				BBB1EB8F25AF0AEF00F5EA37 /* template */,
				BBB1EBA125AF0AF200F5EA37 /* templateTests */,
				BBB1EBAC25AF0AF200F5EA37 /* templateUITests */,
				BBB1EB8E25AF0AEF00F5EA37 /* Products */,
			);
			sourceTree = "<group>";
		};
		BBB1EB8E25AF0AEF00F5EA37 /* Products */ = {
			isa = PBXGroup;
			children = (
				BBB1EB8D25AF0AEF00F5EA37 /* template.app */,
				BBB1EB9E25AF0AF200F5EA37 /* templateTests.xctest */,
				BBB1EBA925AF0AF200F5EA37 /* templateUITests.xctest */,
			);
			name = Products;
			sourceTree = "<group>";
		};
		BBB1EB8F25AF0AEF00F5EA37 /* template */ = {
			isa = PBXGroup;
			children = (
				BBB1EB9025AF0AEF00F5EA37 /* templateApp.swift */,
				BBB1EB9225AF0AEF00F5EA37 /* ContentView.swift */,
				BBB1EB9425AF0AF200F5EA37 /* Assets.xcassets */,
				BBB1EB9925AF0AF200F5EA37 /* Info.plist */,
				BBB1EB9625AF0AF200F5EA37 /* Preview Content */,
			);
			path = template;
			sourceTree = "<group>";
		};
		BBB1EB9625AF0AF200F5EA37 /* Preview Content */ = {
			isa = PBXGroup;
			children = (
				BBB1EB9725AF0AF200F5EA37 /* Preview Assets.xcassets */,
			);
			path = "Preview Content";
			sourceTree = "<group>";
		};
		BBB1EBA125AF0AF200F5EA37 /* templateTests */ = {
			isa = PBXGroup;
			children = (
				BBB1EBA225AF0AF200F5EA37 /* templateTests.swift */,
				BBB1EBA425AF0AF200F5EA37 /* Info.plist */,
			);
			path = templateTests;
			sourceTree = "<group>";
		};
		BBB1EBAC25AF0AF200F5EA37 /* templateUITests */ = {
			isa = PBXGroup;
			children = (
				BBB1EBAD25AF0AF200F5EA37 /* templateUITests.swift */,
				BBB1EBAF25AF0AF200F5EA37 /* Info.plist */,
			);
			path = templateUITests;
			sourceTree = "<group>";
		};
/* End PBXGroup section */

/* Begin PBXNativeTarget section */
		BBB1EB8C25AF0AEF00F5EA37 /* template */ = {
			isa = PBXNativeTarget;
			buildConfigurationList = BBB1EBB225AF0AF200F5EA37 /* Build configuration list for PBXNativeTarget "template" */;
			buildPhases = (
				BBB1EB8925AF0AEF00F5EA37 /* Sources */,
				BBB1EB8A25AF0AEF00F5EA37 /* Frameworks */,
				BBB1EB8B25AF0AEF00F5EA37 /* Resources */,
			);
			buildRules = (
			);
			dependencies = (
			);
			name = template;
			productName = template;
			productReference = BBB1EB8D25AF0AEF00F5EA37 /* template.app */;
			productType = "com.apple.product-type.application";
		};
		BBB1EB9D25AF0AF200F5EA37 /* templateTests */ = {
			isa = PBXNativeTarget;
			buildConfigurationList = BBB1EBB525AF0AF200F5EA37 /* Build configuration list for PBXNativeTarget "templateTests" */;
			buildPhases = (
				BBB1EB9A25AF0AF200F5EA37 /* Sources */,
				BBB1EB9B25AF0AF200F5EA37 /* Frameworks */,
				BBB1EB9C25AF0AF200F5EA37 /* Resources */,
			);
			buildRules = (
			);
			dependencies = (
				BBB1EBA025AF0AF200F5EA37 /* PBXTargetDependency */,
			);
			name = templateTests;
			productName = templateTests;
			productReference = BBB1EB9E25AF0AF200F5EA37 /* templateTests.xctest */;
			productType = "com.apple.product-type.bundle.unit-test";
		};
		BBB1EBA825AF0AF200F5EA37 /* templateUITests */ = {
			isa = PBXNativeTarget;
			buildConfigurationList = BBB1EBB825AF0AF200F5EA37 /* Build configuration list for PBXNativeTarget "templateUITests" */;
			buildPhases = (
				BBB1EBA525AF0AF200F5EA37 /* Sources */,
				BBB1EBA625AF0AF200F5EA37 /* Frameworks */,
				BBB1EBA725AF0AF200F5EA37 /* Resources */,
			);
			buildRules = (
			);
			dependencies = (
				BBB1EBAB25AF0AF200F5EA37 /* PBXTargetDependency */,
			);
			name = templateUITests;
			productName = templateUITests;
			productReference = BBB1EBA925AF0AF200F5EA37 /* templateUITests.xctest */;
			productType = "com.apple.product-type.bundle.ui-testing";
		};
/* End PBXNativeTarget section */

/* Begin PBXProject section */
		BBB1EB8525AF0AEF00F5EA37 /* Project object */ = {
			isa = PBXProject;
			attributes = {
				LastSwiftUpdateCheck = 1230;
				LastUpgradeCheck = 1230;
				TargetAttributes = {
					BBB1EB8C25AF0AEF00F5EA37 = {
						CreatedOnToolsVersion = 12.3;
					};
					BBB1EB9D25AF0AF200F5EA37 = {
						CreatedOnToolsVersion = 12.3;
						TestTargetID = BBB1EB8C25AF0AEF00F5EA37;
					};
					BBB1EBA825AF0AF200F5EA37 = {
						CreatedOnToolsVersion = 12.3;
						TestTargetID = BBB1EB8C25AF0AEF00F5EA37;
					};
				};
			};
			buildConfigurationList = BBB1EB8825AF0AEF00F5EA37 /* Build configuration list for PBXProject "template" */;
			compatibilityVersion = "Xcode 9.3";
			developmentRegion = en;
			hasScannedForEncodings = 0;
			knownRegions = (
				en,
				Base,
			);
			mainGroup = BBB1EB8425AF0AEF00F5EA37;
			productRefGroup = BBB1EB8E25AF0AEF00F5EA37 /* Products */;
			projectDirPath = "";
			projectRoot = "";
			targets = (
				BBB1EB8C25AF0AEF00F5EA37 /* template */,
				BBB1EB9D25AF0AF200F5EA37 /* templateTests */,
				BBB1EBA825AF0AF200F5EA37 /* templateUITests */,
			);
		};
/* End PBXProject section */

/* Begin PBXResourcesBuildPhase section */
		BBB1EB8B25AF0AEF00F5EA37 /* Resources */ = {
			isa = PBXResourcesBuildPhase;
			buildActionMask = 2147483647;
			files = (
				BBB1EB9825AF0AF200F5EA37 /* Preview Assets.xcassets in Resources */,
				BBB1EB9525AF0AF200F5EA37 /* Assets.xcassets in Resources */,
			);
			runOnlyForDeploymentPostprocessing = 0;
		};
		BBB1EB9C25AF0AF200F5EA37 /* Resources */ = {
			isa = PBXResourcesBuildPhase;
			buildActionMask = 2147483647;
			files = (
			);
			runOnlyForDeploymentPostprocessing = 0;
		};
		BBB1EBA725AF0AF200F5EA37 /* Resources */ = {
			isa = PBXResourcesBuildPhase;
			buildActionMask = 2147483647;
			files = (
			);
			runOnlyForDeploymentPostprocessing = 0;
		};
/* End PBXResourcesBuildPhase section */

/* Begin PBXSourcesBuildPhase section */
		BBB1EB8925AF0AEF00F5EA37 /* Sources */ = {
			isa = PBXSourcesBuildPhase;
			buildActionMask = 2147483647;
			files = (
				BBB1EB9325AF0AEF00F5EA37 /* ContentView.swift in Sources */,
				BBB1EB9125AF0AEF00F5EA37 /* templateApp.swift in Sources */,
			);
			runOnlyForDeploymentPostprocessing = 0;
		};
		BBB1EB9A25AF0AF200F5EA37 /* Sources */ = {
			isa = PBXSourcesBuildPhase;
			buildActionMask = 2147483647;
			files = (
				BBB1EBA325AF0AF200F5EA37 /* templateTests.swift in Sources */,
			);
			runOnlyForDeploymentPostprocessing = 0;
		};
		BBB1EBA525AF0AF200F5EA37 /* Sources */ = {
			isa = PBXSourcesBuildPhase;
			buildActionMask = 2147483647;
			files = (
				BBB1EBAE25AF0AF200F5EA37 /* templateUITests.swift in Sources */,
			);
			runOnlyForDeploymentPostprocessing = 0;
		};
/* End PBXSourcesBuildPhase section */

/* Begin PBXTargetDependency section */
		BBB1EBA025AF0AF200F5EA37 /* PBXTargetDependency */ = {
			isa = PBXTargetDependency;
			target = BBB1EB8C25AF0AEF00F5EA37 /* template */;
			targetProxy = BBB1EB9F25AF0AF200F5EA37 /* PBXContainerItemProxy */;
		};
		BBB1EBAB25AF0AF200F5EA37 /* PBXTargetDependency */ = {
			isa = PBXTargetDependency;
			target = BBB1EB8C25AF0AEF00F5EA37 /* template */;
			targetProxy = BBB1EBAA25AF0AF200F5EA37 /* PBXContainerItemProxy */;
		};
/* End PBXTargetDependency section */

/* Begin XCBuildConfiguration section */
		BBB1EBB025AF0AF200F5EA37 /* Debug */ = {
			isa = XCBuildConfiguration;
			buildSettings = {
				ALWAYS_SEARCH_USER_PATHS = NO;
				CLANG_ANALYZER_NONNULL = YES;
				CLANG_ANALYZER_NUMBER_OBJECT_CONVERSION = YES_AGGRESSIVE;
				CLANG_CXX_LANGUAGE_STANDARD = "gnu++14";
				CLANG_CXX_LIBRARY = "libc++";
				CLANG_ENABLE_MODULES = YES;
				CLANG_ENABLE_OBJC_ARC = YES;
				CLANG_ENABLE_OBJC_WEAK = YES;
				CLANG_WARN_BLOCK_CAPTURE_AUTORELEASING = YES;
				CLANG_WARN_BOOL_CONVERSION = YES;
				CLANG_WARN_COMMA = YES;
				CLANG_WARN_CONSTANT_CONVERSION = YES;
				CLANG_WARN_DEPRECATED_OBJC_IMPLEMENTATIONS = YES;
				CLANG_WARN_DIRECT_OBJC_ISA_USAGE = YES_ERROR;
				CLANG_WARN_DOCUMENTATION_COMMENTS = YES;
				CLANG_WARN_EMPTY_BODY = YES;
				CLANG_WARN_ENUM_CONVERSION = YES;
				CLANG_WARN_INFINITE_RECURSION = YES;
				CLANG_WARN_INT_CONVERSION = YES;
				CLANG_WARN_NON_LITERAL_NULL_CONVERSION = YES;
				CLANG_WARN_OBJC_IMPLICIT_RETAIN_SELF = YES;
				CLANG_WARN_OBJC_LITERAL_CONVERSION = YES;
				CLANG_WARN_OBJC_ROOT_CLASS = YES_ERROR;
				CLANG_WARN_QUOTED_INCLUDE_IN_FRAMEWORK_HEADER = YES;
				CLANG_WARN_RANGE_LOOP_ANALYSIS = YES;
				CLANG_WARN_STRICT_PROTOTYPES = YES;
				CLANG_WARN_SUSPICIOUS_MOVE = YES;
				CLANG_WARN_UNGUARDED_AVAILABILITY = YES_AGGRESSIVE;
				CLANG_WARN_UNREACHABLE_CODE = YES;
				CLANG_WARN__DUPLICATE_METHOD_MATCH = YES;
				COPY_PHASE_STRIP = NO;
				DEBUG_INFORMATION_FORMAT = dwarf;
				ENABLE_STRICT_OBJC_MSGSEND = YES;
				ENABLE_TESTABILITY = YES;
				GCC_C_LANGUAGE_STANDARD = gnu11;
				GCC_DYNAMIC_NO_PIC = NO;
				GCC_NO_COMMON_BLOCKS = YES;
				GCC_OPTIMIZATION_LEVEL = 0;
				GCC_PREPROCESSOR_DEFINITIONS = (
					"DEBUG=1",
					"$(inherited)",
				);
				GCC_WARN_64_TO_32_BIT_CONVERSION = YES;
				GCC_WARN_ABOUT_RETURN_TYPE = YES_ERROR;
				GCC_WARN_UNDECLARED_SELECTOR = YES;
				GCC_WARN_UNINITIALIZED_AUTOS = YES_AGGRESSIVE;
				GCC_WARN_UNUSED_FUNCTION = YES;
				GCC_WARN_UNUSED_VARIABLE = YES;
				IPHONEOS_DEPLOYMENT_TARGET = 14.2;
				MTL_ENABLE_DEBUG_INFO = INCLUDE_SOURCE;
				MTL_FAST_MATH = YES;
				ONLY_ACTIVE_ARCH = YES;
				SDKROOT = iphoneos;
				SWIFT_ACTIVE_COMPILATION_CONDITIONS = DEBUG;
				SWIFT_OPTIMIZATION_LEVEL = "-Onone";
			};
			name = Debug;
		};
		BBB1EBB125AF0AF200F5EA37 /* Release */ = {
			isa = XCBuildConfiguration;
			buildSettings = {
				ALWAYS_SEARCH_USER_PATHS = NO;
				CLANG_ANALYZER_NONNULL = YES;
				CLANG_ANALYZER_NUMBER_OBJECT_CONVERSION = YES_AGGRESSIVE;
				CLANG_CXX_LANGUAGE_STANDARD = "gnu++14";
				CLANG_CXX_LIBRARY = "libc++";
				CLANG_ENABLE_MODULES = YES;
				CLANG_ENABLE_OBJC_ARC = YES;
				CLANG_ENABLE_OBJC_WEAK = YES;
				CLANG_WARN_BLOCK_CAPTURE_AUTORELEASING = YES;
				CLANG_WARN_BOOL_CONVERSION = YES;
				CLANG_WARN_COMMA = YES;
				CLANG_WARN_CONSTANT_CONVERSION = YES;
				CLANG_WARN_DEPRECATED_OBJC_IMPLEMENTATIONS = YES;
				CLANG_WARN_DIRECT_OBJC_ISA_USAGE = YES_ERROR;
				CLANG_WARN_DOCUMENTATION_COMMENTS = YES;
				CLANG_WARN_EMPTY_BODY = YES;
				CLANG_WARN_ENUM_CONVERSION = YES;
				CLANG_WARN_INFINITE_RECURSION = YES;
				CLANG_WARN_INT_CONVERSION = YES;
				CLANG_WARN_NON_LITERAL_NULL_CONVERSION = YES;
				CLANG_WARN_OBJC_IMPLICIT_RETAIN_SELF = YES;
				CLANG_WARN_OBJC_LITERAL_CONVERSION = YES;
				CLANG_WARN_OBJC_ROOT_CLASS = YES_ERROR;
				CLANG_WARN_QUOTED_INCLUDE_IN_FRAMEWORK_HEADER = YES;
				CLANG_WARN_RANGE_LOOP_ANALYSIS = YES;
				CLANG_WARN_STRICT_PROTOTYPES = YES;
				CLANG_WARN_SUSPICIOUS_MOVE = YES;
				CLANG_WARN_UNGUARDED_AVAILABILITY = YES_AGGRESSIVE;
				CLANG_WARN_UNREACHABLE_CODE = YES;
				CLANG_WARN__DUPLICATE_METHOD_MATCH = YES;
				COPY_PHASE_STRIP = NO;
				DEBUG_INFORMATION_FORMAT = "dwarf-with-dsym";
				ENABLE_NS_ASSERTIONS = NO;
				ENABLE_STRICT_OBJC_MSGSEND = YES;
				GCC_C_LANGUAGE_STANDARD = gnu11;
				GCC_NO_COMMON_BLOCKS = YES;
				GCC_WARN_64_TO_32_BIT_CONVERSION = YES;
				GCC_WARN_ABOUT_RETURN_TYPE = YES_ERROR;
				GCC_WARN_UNDECLARED_SELECTOR = YES;
				GCC_WARN_UNINITIALIZED_AUTOS = YES_AGGRESSIVE;
				GCC_WARN_UNUSED_FUNCTION = YES;
				GCC_WARN_UNUSED_VARIABLE = YES;
				IPHONEOS_DEPLOYMENT_TARGET = 14.2;
				MTL_ENABLE_DEBUG_INFO = NO;
				MTL_FAST_MATH = YES;
				SDKROOT = iphoneos;
				SWIFT_COMPILATION_MODE = wholemodule;
				SWIFT_OPTIMIZATION_LEVEL = "-O";
				VALIDATE_PRODUCT = YES;
			};
			name = Release;
		};
		BBB1EBB325AF0AF200F5EA37 /* Debug */ = {
			isa = XCBuildConfiguration;
			buildSettings = {
				ASSETCATALOG_COMPILER_APPICON_NAME = AppIcon;
				ASSETCATALOG_COMPILER_GLOBAL_ACCENT_COLOR_NAME = AccentColor;
				CODE_SIGN_STYLE = Automatic;
				CURRENT_PROJECT_VERSION = 0;
				DEVELOPMENT_ASSET_PATHS = "\"template/Preview Content\"";
				DEVELOPMENT_TEAM = M75SXEJ86F;
				ENABLE_PREVIEWS = YES;
				INFOPLIST_FILE = template/Info.plist;
				IPHONEOS_DEPLOYMENT_TARGET = 14.0;
				LD_RUNPATH_SEARCH_PATHS = (
					"$(inherited)",
					"@executable_path/Frameworks",
				);
				MARKETING_VERSION = 1.0.0;
				PRODUCT_BUNDLE_IDENTIFIER = com.nexters.deo.template;
				PRODUCT_NAME = "$(TARGET_NAME)";
				SWIFT_VERSION = 5.0;
				TARGETED_DEVICE_FAMILY = "1,2";
			};
			name = Debug;
		};
		BBB1EBB425AF0AF200F5EA37 /* Release */ = {
			isa = XCBuildConfiguration;
			buildSettings = {
				ASSETCATALOG_COMPILER_APPICON_NAME = AppIcon;
				ASSETCATALOG_COMPILER_GLOBAL_ACCENT_COLOR_NAME = AccentColor;
				CODE_SIGN_STYLE = Automatic;
				CURRENT_PROJECT_VERSION = 0;
				DEVELOPMENT_ASSET_PATHS = "\"template/Preview Content\"";
				DEVELOPMENT_TEAM = M75SXEJ86F;
				ENABLE_PREVIEWS = YES;
				INFOPLIST_FILE = template/Info.plist;
				IPHONEOS_DEPLOYMENT_TARGET = 14.0;
				LD_RUNPATH_SEARCH_PATHS = (
					"$(inherited)",
					"@executable_path/Frameworks",
				);
				MARKETING_VERSION = 1.0.0;
				PRODUCT_BUNDLE_IDENTIFIER = com.nexters.deo.template;
				PRODUCT_NAME = "$(TARGET_NAME)";
				SWIFT_VERSION = 5.0;
				TARGETED_DEVICE_FAMILY = "1,2";
			};
			name = Release;
		};
		BBB1EBB625AF0AF200F5EA37 /* Debug */ = {
			isa = XCBuildConfiguration;
			buildSettings = {
				ALWAYS_EMBED_SWIFT_STANDARD_LIBRARIES = YES;
				BUNDLE_LOADER = "$(TEST_HOST)";
				CODE_SIGN_STYLE = Automatic;
				DEVELOPMENT_TEAM = M75SXEJ86F;
				INFOPLIST_FILE = templateTests/Info.plist;
				IPHONEOS_DEPLOYMENT_TARGET = 14.0;
				LD_RUNPATH_SEARCH_PATHS = (
					"$(inherited)",
					"@executable_path/Frameworks",
					"@loader_path/Frameworks",
				);
				PRODUCT_BUNDLE_IDENTIFIER = com.nexters.deo.templateTests;
				PRODUCT_NAME = "$(TARGET_NAME)";
				SWIFT_VERSION = 5.0;
				TARGETED_DEVICE_FAMILY = "1,2";
				TEST_HOST = "$(BUILT_PRODUCTS_DIR)/template.app/template";
			};
			name = Debug;
		};
		BBB1EBB725AF0AF200F5EA37 /* Release */ = {
			isa = XCBuildConfiguration;
			buildSettings = {
				ALWAYS_EMBED_SWIFT_STANDARD_LIBRARIES = YES;
				BUNDLE_LOADER = "$(TEST_HOST)";
				CODE_SIGN_STYLE = Automatic;
				DEVELOPMENT_TEAM = M75SXEJ86F;
				INFOPLIST_FILE = templateTests/Info.plist;
				IPHONEOS_DEPLOYMENT_TARGET = 14.0;
				LD_RUNPATH_SEARCH_PATHS = (
					"$(inherited)",
					"@executable_path/Frameworks",
					"@loader_path/Frameworks",
				);
				PRODUCT_BUNDLE_IDENTIFIER = com.nexters.deo.templateTests;
				PRODUCT_NAME = "$(TARGET_NAME)";
				SWIFT_VERSION = 5.0;
				TARGETED_DEVICE_FAMILY = "1,2";
				TEST_HOST = "$(BUILT_PRODUCTS_DIR)/template.app/template";
			};
			name = Release;
		};
		BBB1EBB925AF0AF200F5EA37 /* Debug */ = {
			isa = XCBuildConfiguration;
			buildSettings = {
				ALWAYS_EMBED_SWIFT_STANDARD_LIBRARIES = YES;
				CODE_SIGN_STYLE = Automatic;
				DEVELOPMENT_TEAM = M75SXEJ86F;
				INFOPLIST_FILE = templateUITests/Info.plist;
				LD_RUNPATH_SEARCH_PATHS = (
					"$(inherited)",
					"@executable_path/Frameworks",
					"@loader_path/Frameworks",
				);
				PRODUCT_BUNDLE_IDENTIFIER = com.nexters.deo.templateUITests;
				PRODUCT_NAME = "$(TARGET_NAME)";
				SWIFT_VERSION = 5.0;
				TARGETED_DEVICE_FAMILY = "1,2";
				TEST_TARGET_NAME = template;
			};
			name = Debug;
		};
		BBB1EBBA25AF0AF200F5EA37 /* Release */ = {
			isa = XCBuildConfiguration;
			buildSettings = {
				ALWAYS_EMBED_SWIFT_STANDARD_LIBRARIES = YES;
				CODE_SIGN_STYLE = Automatic;
				DEVELOPMENT_TEAM = M75SXEJ86F;
				INFOPLIST_FILE = templateUITests/Info.plist;
				LD_RUNPATH_SEARCH_PATHS = (
					"$(inherited)",
					"@executable_path/Frameworks",
					"@loader_path/Frameworks",
				);
				PRODUCT_BUNDLE_IDENTIFIER = com.nexters.deo.templateUITests;
				PRODUCT_NAME = "$(TARGET_NAME)";
				SWIFT_VERSION = 5.0;
				TARGETED_DEVICE_FAMILY = "1,2";
				TEST_TARGET_NAME = template;
			};
			name = Release;
		};
/* End XCBuildConfiguration section */

/* Begin XCConfigurationList section */
		BBB1EB8825AF0AEF00F5EA37 /* Build configuration list for PBXProject "template" */ = {
			isa = XCConfigurationList;
			buildConfigurations = (
				BBB1EBB025AF0AF200F5EA37 /* Debug */,
				BBB1EBB125AF0AF200F5EA37 /* Release */,
			);
			defaultConfigurationIsVisible = 0;
			defaultConfigurationName = Release;
		};
		BBB1EBB225AF0AF200F5EA37 /* Build configuration list for PBXNativeTarget "template" */ = {
			isa = XCConfigurationList;
			buildConfigurations = (
				BBB1EBB325AF0AF200F5EA37 /* Debug */,
				BBB1EBB425AF0AF200F5EA37 /* Release */,
			);
			defaultConfigurationIsVisible = 0;
			defaultConfigurationName = Release;
		};
		BBB1EBB525AF0AF200F5EA37 /* Build configuration list for PBXNativeTarget "templateTests" */ = {
			isa = XCConfigurationList;
			buildConfigurations = (
				BBB1EBB625AF0AF200F5EA37 /* Debug */,
				BBB1EBB725AF0AF200F5EA37 /* Release */,
			);
			defaultConfigurationIsVisible = 0;
			defaultConfigurationName = Release;
		};
		BBB1EBB825AF0AF200F5EA37 /* Build configuration list for PBXNativeTarget "templateUITests" */ = {
			isa = XCConfigurationList;
			buildConfigurations = (
				BBB1EBB925AF0AF200F5EA37 /* Debug */,
				BBB1EBBA25AF0AF200F5EA37 /* Release */,
			);
			defaultConfigurationIsVisible = 0;
			defaultConfigurationName = Release;
		};
/* End XCConfigurationList section */
	};
	rootObject = BBB1EB8525AF0AEF00F5EA37 /* Project object */;
}
